// !$*UTF8*$!
{
	archiveVersion = 1;
	classes = {
	};
	objectVersion = 50;
	objects = {

/* Begin PBXBuildFile section */
		FC74809A25C83BFA0097EAEF /* AppDelegate.m in Sources */ = {isa = PBXBuildFile; fileRef = FC74809925C83BFA0097EAEF /* AppDelegate.m */; };
		FC74809D25C83BFA0097EAEF /* SceneDelegate.m in Sources */ = {isa = PBXBuildFile; fileRef = FC74809C25C83BFA0097EAEF /* SceneDelegate.m */; };
		FC7480A025C83BFA0097EAEF /* ViewController.m in Sources */ = {isa = PBXBuildFile; fileRef = FC74809F25C83BFA0097EAEF /* ViewController.m */; };
		FC7480A325C83BFA0097EAEF /* Main.storyboard in Resources */ = {isa = PBXBuildFile; fileRef = FC7480A125C83BFA0097EAEF /* Main.storyboard */; };
		FC7480A525C83BFB0097EAEF /* Assets.xcassets in Resources */ = {isa = PBXBuildFile; fileRef = FC7480A425C83BFB0097EAEF /* Assets.xcassets */; };
		FC7480A825C83BFB0097EAEF /* LaunchScreen.storyboard in Resources */ = {isa = PBXBuildFile; fileRef = FC7480A625C83BFB0097EAEF /* LaunchScreen.storyboard */; };
		FC7480AB25C83BFB0097EAEF /* main.m in Sources */ = {isa = PBXBuildFile; fileRef = FC7480AA25C83BFB0097EAEF /* main.m */; };
/* End PBXBuildFile section */

/* Begin PBXFileReference section */
		FC74809525C83BFA0097EAEF /* XDBaseTest.app */ = {isa = PBXFileReference; explicitFileType = wrapper.application; includeInIndex = 0; path = XDBaseTest.app; sourceTree = BUILT_PRODUCTS_DIR; };
		FC74809825C83BFA0097EAEF /* AppDelegate.h */ = {isa = PBXFileReference; lastKnownFileType = sourcecode.c.h; path = AppDelegate.h; sourceTree = "<group>"; };
		FC74809925C83BFA0097EAEF /* AppDelegate.m */ = {isa = PBXFileReference; lastKnownFileType = sourcecode.c.objc; path = AppDelegate.m; sourceTree = "<group>"; };
		FC74809B25C83BFA0097EAEF /* SceneDelegate.h */ = {isa = PBXFileReference; lastKnownFileType = sourcecode.c.h; path = SceneDelegate.h; sourceTree = "<group>"; };
		FC74809C25C83BFA0097EAEF /* SceneDelegate.m */ = {isa = PBXFileReference; lastKnownFileType = sourcecode.c.objc; path = SceneDelegate.m; sourceTree = "<group>"; };
		FC74809E25C83BFA0097EAEF /* ViewController.h */ = {isa = PBXFileReference; lastKnownFileType = sourcecode.c.h; path = ViewController.h; sourceTree = "<group>"; };
		FC74809F25C83BFA0097EAEF /* ViewController.m */ = {isa = PBXFileReference; lastKnownFileType = sourcecode.c.objc; path = ViewController.m; sourceTree = "<group>"; };
		FC7480A225C83BFA0097EAEF /* Base */ = {isa = PBXFileReference; lastKnownFileType = file.storyboard; name = Base; path = Base.lproj/Main.storyboard; sourceTree = "<group>"; };
		FC7480A425C83BFB0097EAEF /* Assets.xcassets */ = {isa = PBXFileReference; lastKnownFileType = folder.assetcatalog; path = Assets.xcassets; sourceTree = "<group>"; };
		FC7480A725C83BFB0097EAEF /* Base */ = {isa = PBXFileReference; lastKnownFileType = file.storyboard; name = Base; path = Base.lproj/LaunchScreen.storyboard; sourceTree = "<group>"; };
		FC7480A925C83BFB0097EAEF /* Info.plist */ = {isa = PBXFileReference; lastKnownFileType = text.plist.xml; path = Info.plist; sourceTree = "<group>"; };
		FC7480AA25C83BFB0097EAEF /* main.m */ = {isa = PBXFileReference; lastKnownFileType = sourcecode.c.objc; path = main.m; sourceTree = "<group>"; };
/* End PBXFileReference section */

/* Begin PBXFrameworksBuildPhase section */
		FC74809225C83BFA0097EAEF /* Frameworks */ = {
			isa = PBXFrameworksBuildPhase;
			buildActionMask = 2147483647;
			files = (
			);
			runOnlyForDeploymentPostprocessing = 0;
		};
/* End PBXFrameworksBuildPhase section */

/* Begin PBXGroup section */
		FC74808C25C83BFA0097EAEF = {
			isa = PBXGroup;
			children = (
				FC74809725C83BFA0097EAEF /* XDBaseTest */,
				FC74809625C83BFA0097EAEF /* Products */,
			);
			sourceTree = "<group>";
		};
		FC74809625C83BFA0097EAEF /* Products */ = {
			isa = PBXGroup;
			children = (
				FC74809525C83BFA0097EAEF /* XDBaseTest.app */,
			);
			name = Products;
			sourceTree = "<group>";
		};
		FC74809725C83BFA0097EAEF /* XDBaseTest */ = {
			isa = PBXGroup;
			children = (
				FC74809825C83BFA0097EAEF /* AppDelegate.h */,
				FC74809925C83BFA0097EAEF /* AppDelegate.m */,
				FC74809B25C83BFA0097EAEF /* SceneDelegate.h */,
				FC74809C25C83BFA0097EAEF /* SceneDelegate.m */,
				FC74809E25C83BFA0097EAEF /* ViewController.h */,
				FC74809F25C83BFA0097EAEF /* ViewController.m */,
				FC7480A125C83BFA0097EAEF /* Main.storyboard */,
				FC7480A425C83BFB0097EAEF /* Assets.xcassets */,
				FC7480A625C83BFB0097EAEF /* LaunchScreen.storyboard */,
				FC7480A925C83BFB0097EAEF /* Info.plist */,
				FC7480AA25C83BFB0097EAEF /* main.m */,
			);
			path = XDBaseTest;
			sourceTree = "<group>";
		};
/* End PBXGroup section */

/* Begin PBXNativeTarget section */
		FC74809425C83BFA0097EAEF /* XDBaseTest */ = {
			isa = PBXNativeTarget;
			buildConfigurationList = FC7480AE25C83BFB0097EAEF /* Build configuration list for PBXNativeTarget "XDBaseTest" */;
			buildPhases = (
				FC74809125C83BFA0097EAEF /* Sources */,
				FC74809225C83BFA0097EAEF /* Frameworks */,
				FC74809325C83BFA0097EAEF /* Resources */,
			);
			buildRules = (
			);
			dependencies = (
			);
			name = XDBaseTest;
			productName = XDBaseTest;
			productReference = FC74809525C83BFA0097EAEF /* XDBaseTest.app */;
			productType = "com.apple.product-type.application";
		};
/* End PBXNativeTarget section */

/* Begin PBXProject section */
		FC74808D25C83BFA0097EAEF /* Project object */ = {
			isa = PBXProject;
			attributes = {
				LastUpgradeCheck = 1200;
				TargetAttributes = {
					FC74809425C83BFA0097EAEF = {
						CreatedOnToolsVersion = 12.0.1;
					};
				};
			};
			buildConfigurationList = FC74809025C83BFA0097EAEF /* Build configuration list for PBXProject "XDBaseTest" */;
			compatibilityVersion = "Xcode 9.3";
			developmentRegion = en;
			hasScannedForEncodings = 0;
			knownRegions = (
				en,
				Base,
			);
			mainGroup = FC74808C25C83BFA0097EAEF;
			productRefGroup = FC74809625C83BFA0097EAEF /* Products */;
			projectDirPath = "";
			projectRoot = "";
			targets = (
				FC74809425C83BFA0097EAEF /* XDBaseTest */,
			);
		};
/* End PBXProject section */

/* Begin PBXResourcesBuildPhase section */
		FC74809325C83BFA0097EAEF /* Resources */ = {
			isa = PBXResourcesBuildPhase;
			buildActionMask = 2147483647;
			files = (
				FC7480A825C83BFB0097EAEF /* LaunchScreen.storyboard in Resources */,
				FC7480A525C83BFB0097EAEF /* Assets.xcassets in Resources */,
				FC7480A325C83BFA0097EAEF /* Main.storyboard in Resources */,
			);
			runOnlyForDeploymentPostprocessing = 0;
		};
/* End PBXResourcesBuildPhase section */

/* Begin PBXSourcesBuildPhase section */
		FC74809125C83BFA0097EAEF /* Sources */ = {
			isa = PBXSourcesBuildPhase;
			buildActionMask = 2147483647;
			files = (
				FC7480A025C83BFA0097EAEF /* ViewController.m in Sources */,
				FC74809A25C83BFA0097EAEF /* AppDelegate.m in Sources */,
				FC7480AB25C83BFB0097EAEF /* main.m in Sources */,
				FC74809D25C83BFA0097EAEF /* SceneDelegate.m in Sources */,
			);
			runOnlyForDeploymentPostprocessing = 0;
		};
/* End PBXSourcesBuildPhase section */

/* Begin PBXVariantGroup section */
		FC7480A125C83BFA0097EAEF /* Main.storyboard */ = {
			isa = PBXVariantGroup;
			children = (
				FC7480A225C83BFA0097EAEF /* Base */,
			);
			name = Main.storyboard;
			sourceTree = "<group>";
		};
		FC7480A625C83BFB0097EAEF /* LaunchScreen.storyboard */ = {
			isa = PBXVariantGroup;
			children = (
				FC7480A725C83BFB0097EAEF /* Base */,
			);
			name = LaunchScreen.storyboard;
			sourceTree = "<group>";
		};
/* End PBXVariantGroup section */

/* Begin XCBuildConfiguration section */
		FC7480AC25C83BFB0097EAEF /* Debug */ = {
			isa = XCBuildConfiguration;
			buildSettings = {
				ALWAYS_SEARCH_USER_PATHS = NO;
				CLANG_ANALYZER_NONNULL = YES;
				CLANG_ANALYZER_NUMBER_OBJECT_CONVERSION = YES_AGGRESSIVE;
				CLANG_CXX_LANGUAGE_STANDARD = "gnu++14";
				CLANG_CXX_LIBRARY = "libc++";
				CLANG_ENABLE_MODULES = YES;
				CLANG_ENABLE_OBJC_ARC = YES;
				CLANG_ENABLE_OBJC_WEAK = YES;
				CLANG_WARN_BLOCK_CAPTURE_AUTORELEASING = YES;
				CLANG_WARN_BOOL_CONVERSION = YES;
				CLANG_WARN_COMMA = YES;
				CLANG_WARN_CONSTANT_CONVERSION = YES;
				CLANG_WARN_DEPRECATED_OBJC_IMPLEMENTATIONS = YES;
				CLANG_WARN_DIRECT_OBJC_ISA_USAGE = YES_ERROR;
				CLANG_WARN_DOCUMENTATION_COMMENTS = YES;
				CLANG_WARN_EMPTY_BODY = YES;
				CLANG_WARN_ENUM_CONVERSION = YES;
				CLANG_WARN_INFINITE_RECURSION = YES;
				CLANG_WARN_INT_CONVERSION = YES;
				CLANG_WARN_NON_LITERAL_NULL_CONVERSION = YES;
				CLANG_WARN_OBJC_IMPLICIT_RETAIN_SELF = YES;
				CLANG_WARN_OBJC_LITERAL_CONVERSION = YES;
				CLANG_WARN_OBJC_ROOT_CLASS = YES_ERROR;
				CLANG_WARN_QUOTED_INCLUDE_IN_FRAMEWORK_HEADER = YES;
				CLANG_WARN_RANGE_LOOP_ANALYSIS = YES;
				CLANG_WARN_STRICT_PROTOTYPES = YES;
				CLANG_WARN_SUSPICIOUS_MOVE = YES;
				CLANG_WARN_UNGUARDED_AVAILABILITY = YES_AGGRESSIVE;
				CLANG_WARN_UNREACHABLE_CODE = YES;
				CLANG_WARN__DUPLICATE_METHOD_MATCH = YES;
				COPY_PHASE_STRIP = NO;
				DEBUG_INFORMATION_FORMAT = dwarf;
				ENABLE_STRICT_OBJC_MSGSEND = YES;
				ENABLE_TESTABILITY = YES;
				GCC_C_LANGUAGE_STANDARD = gnu11;
				GCC_DYNAMIC_NO_PIC = NO;
				GCC_NO_COMMON_BLOCKS = YES;
				GCC_OPTIMIZATION_LEVEL = 0;
				GCC_PREPROCESSOR_DEFINITIONS = (
					"DEBUG=1",
					"$(inherited)",
				);
				GCC_WARN_64_TO_32_BIT_CONVERSION = YES;
				GCC_WARN_ABOUT_RETURN_TYPE = YES_ERROR;
				GCC_WARN_UNDECLARED_SELECTOR = YES;
				GCC_WARN_UNINITIALIZED_AUTOS = YES_AGGRESSIVE;
				GCC_WARN_UNUSED_FUNCTION = YES;
				GCC_WARN_UNUSED_VARIABLE = YES;
				IPHONEOS_DEPLOYMENT_TARGET = 14.0;
				MTL_ENABLE_DEBUG_INFO = INCLUDE_SOURCE;
				MTL_FAST_MATH = YES;
				ONLY_ACTIVE_ARCH = YES;
				SDKROOT = iphoneos;
			};
			name = Debug;
		};
		FC7480AD25C83BFB0097EAEF /* Release */ = {
			isa = XCBuildConfiguration;
			buildSettings = {
				ALWAYS_SEARCH_USER_PATHS = NO;
				CLANG_ANALYZER_NONNULL = YES;
				CLANG_ANALYZER_NUMBER_OBJECT_CONVERSION = YES_AGGRESSIVE;
				CLANG_CXX_LANGUAGE_STANDARD = "gnu++14";
				CLANG_CXX_LIBRARY = "libc++";
				CLANG_ENABLE_MODULES = YES;
				CLANG_ENABLE_OBJC_ARC = YES;
				CLANG_ENABLE_OBJC_WEAK = YES;
				CLANG_WARN_BLOCK_CAPTURE_AUTORELEASING = YES;
				CLANG_WARN_BOOL_CONVERSION = YES;
				CLANG_WARN_COMMA = YES;
				CLANG_WARN_CONSTANT_CONVERSION = YES;
				CLANG_WARN_DEPRECATED_OBJC_IMPLEMENTATIONS = YES;
				CLANG_WARN_DIRECT_OBJC_ISA_USAGE = YES_ERROR;
				CLANG_WARN_DOCUMENTATION_COMMENTS = YES;
				CLANG_WARN_EMPTY_BODY = YES;
				CLANG_WARN_ENUM_CONVERSION = YES;
				CLANG_WARN_INFINITE_RECURSION = YES;
				CLANG_WARN_INT_CONVERSION = YES;
				CLANG_WARN_NON_LITERAL_NULL_CONVERSION = YES;
				CLANG_WARN_OBJC_IMPLICIT_RETAIN_SELF = YES;
				CLANG_WARN_OBJC_LITERAL_CONVERSION = YES;
				CLANG_WARN_OBJC_ROOT_CLASS = YES_ERROR;
				CLANG_WARN_QUOTED_INCLUDE_IN_FRAMEWORK_HEADER = YES;
				CLANG_WARN_RANGE_LOOP_ANALYSIS = YES;
				CLANG_WARN_STRICT_PROTOTYPES = YES;
				CLANG_WARN_SUSPICIOUS_MOVE = YES;
				CLANG_WARN_UNGUARDED_AVAILABILITY = YES_AGGRESSIVE;
				CLANG_WARN_UNREACHABLE_CODE = YES;
				CLANG_WARN__DUPLICATE_METHOD_MATCH = YES;
				COPY_PHASE_STRIP = NO;
				DEBUG_INFORMATION_FORMAT = "dwarf-with-dsym";
				ENABLE_NS_ASSERTIONS = NO;
				ENABLE_STRICT_OBJC_MSGSEND = YES;
				GCC_C_LANGUAGE_STANDARD = gnu11;
				GCC_NO_COMMON_BLOCKS = YES;
				GCC_WARN_64_TO_32_BIT_CONVERSION = YES;
				GCC_WARN_ABOUT_RETURN_TYPE = YES_ERROR;
				GCC_WARN_UNDECLARED_SELECTOR = YES;
				GCC_WARN_UNINITIALIZED_AUTOS = YES_AGGRESSIVE;
				GCC_WARN_UNUSED_FUNCTION = YES;
				GCC_WARN_UNUSED_VARIABLE = YES;
				IPHONEOS_DEPLOYMENT_TARGET = 14.0;
				MTL_ENABLE_DEBUG_INFO = NO;
				MTL_FAST_MATH = YES;
				SDKROOT = iphoneos;
				VALIDATE_PRODUCT = YES;
			};
			name = Release;
		};
		FC7480AF25C83BFB0097EAEF /* Debug */ = {
			isa = XCBuildConfiguration;
			buildSettings = {
				ASSETCATALOG_COMPILER_APPICON_NAME = AppIcon;
				ASSETCATALOG_COMPILER_GLOBAL_ACCENT_COLOR_NAME = AccentColor;
				CODE_SIGN_STYLE = Automatic;
				DEVELOPMENT_TEAM = W24A4Z79ML;
				INFOPLIST_FILE = XDBaseTest/Info.plist;
				LD_RUNPATH_SEARCH_PATHS = (
					"$(inherited)",
					"@executable_path/Frameworks",
				);
				PRODUCT_BUNDLE_IDENTIFIER = com.xiedong.XDBaseTest;
				PRODUCT_NAME = "$(TARGET_NAME)";
				TARGETED_DEVICE_FAMILY = "1,2";
			};
			name = Debug;
		};
		FC7480B025C83BFB0097EAEF /* Release */ = {
			isa = XCBuildConfiguration;
			buildSettings = {
				ASSETCATALOG_COMPILER_APPICON_NAME = AppIcon;
				ASSETCATALOG_COMPILER_GLOBAL_ACCENT_COLOR_NAME = AccentColor;
				CODE_SIGN_STYLE = Automatic;
				DEVELOPMENT_TEAM = W24A4Z79ML;
				INFOPLIST_FILE = XDBaseTest/Info.plist;
				LD_RUNPATH_SEARCH_PATHS = (
					"$(inherited)",
					"@executable_path/Frameworks",
				);
				PRODUCT_BUNDLE_IDENTIFIER = com.xiedong.XDBaseTest;
				PRODUCT_NAME = "$(TARGET_NAME)";
				TARGETED_DEVICE_FAMILY = "1,2";
			};
			name = Release;
		};
/* End XCBuildConfiguration section */

/* Begin XCConfigurationList section */
		FC74809025C83BFA0097EAEF /* Build configuration list for PBXProject "XDBaseTest" */ = {
			isa = XCConfigurationList;
			buildConfigurations = (
				FC7480AC25C83BFB0097EAEF /* Debug */,
				FC7480AD25C83BFB0097EAEF /* Release */,
			);
			defaultConfigurationIsVisible = 0;
			defaultConfigurationName = Release;
		};
		FC7480AE25C83BFB0097EAEF /* Build configuration list for PBXNativeTarget "XDBaseTest" */ = {
			isa = XCConfigurationList;
			buildConfigurations = (
				FC7480AF25C83BFB0097EAEF /* Debug */,
				FC7480B025C83BFB0097EAEF /* Release */,
			);
			defaultConfigurationIsVisible = 0;
			defaultConfigurationName = Release;
		};
/* End XCConfigurationList section */
	};
	rootObject = FC74808D25C83BFA0097EAEF /* Project object */;
}
